// !$*UTF8*$!
{
	archiveVersion = 1;
	classes = {
	};
	objectVersion = 46;
	objects = {

/* Begin PBXBuildFile section */
		12919D32EEEA270DE2BCBF90 /* libPods-RealmDemo.a in Frameworks */ = {isa = PBXBuildFile; fileRef = 2BEAA1253FE2E7CD06FFBAD7 /* libPods-RealmDemo.a */; };
		294CC6001033CA7C6CD06D9E /* libPods-RealmDemoTests.a in Frameworks */ = {isa = PBXBuildFile; fileRef = A72BF5204A7FEB40A8FA62DD /* libPods-RealmDemoTests.a */; };
		4A110DA61F7155F90094D6A2 /* main.m in Sources */ = {isa = PBXBuildFile; fileRef = 4A110DA51F7155F90094D6A2 /* main.m */; };
		4A110DA91F7155F90094D6A2 /* AppDelegate.m in Sources */ = {isa = PBXBuildFile; fileRef = 4A110DA81F7155F90094D6A2 /* AppDelegate.m */; };
		4A110DAC1F7155F90094D6A2 /* ViewController.m in Sources */ = {isa = PBXBuildFile; fileRef = 4A110DAB1F7155F90094D6A2 /* ViewController.m */; };
		4A110DAF1F7155F90094D6A2 /* Main.storyboard in Resources */ = {isa = PBXBuildFile; fileRef = 4A110DAD1F7155F90094D6A2 /* Main.storyboard */; };
		4A110DB11F7155F90094D6A2 /* Assets.xcassets in Resources */ = {isa = PBXBuildFile; fileRef = 4A110DB01F7155F90094D6A2 /* Assets.xcassets */; };
		4A110DB41F7155F90094D6A2 /* LaunchScreen.storyboard in Resources */ = {isa = PBXBuildFile; fileRef = 4A110DB21F7155F90094D6A2 /* LaunchScreen.storyboard */; };
		4A110DBF1F7155F90094D6A2 /* RealmDemoTests.m in Sources */ = {isa = PBXBuildFile; fileRef = 4A110DBE1F7155F90094D6A2 /* RealmDemoTests.m */; };
		4A110DCA1F7155F90094D6A2 /* RealmDemoUITests.m in Sources */ = {isa = PBXBuildFile; fileRef = 4A110DC91F7155F90094D6A2 /* RealmDemoUITests.m */; };
		4A110DD91F7156830094D6A2 /* RealmManager.m in Sources */ = {isa = PBXBuildFile; fileRef = 4A110DD81F7156830094D6A2 /* RealmManager.m */; };
		4A110DDC1F7157E90094D6A2 /* Dog.m in Sources */ = {isa = PBXBuildFile; fileRef = 4A110DDB1F7157E90094D6A2 /* Dog.m */; };
		4A110DE01F7159340094D6A2 /* Person.m in Sources */ = {isa = PBXBuildFile; fileRef = 4A110DDF1F7159340094D6A2 /* Person.m */; };
		4A110DE61F7160AF0094D6A2 /* RLMObject+FTFRealm.m in Sources */ = {isa = PBXBuildFile; fileRef = 4A110DE51F7160AF0094D6A2 /* RLMObject+FTFRealm.m */; };
		4A110DE91F7164260094D6A2 /* NSArray+FTFHelper.m in Sources */ = {isa = PBXBuildFile; fileRef = 4A110DE81F7164260094D6A2 /* NSArray+FTFHelper.m */; };
		FF3EE47E655D2B4E947872E1 /* libPods-RealmDemoUITests.a in Frameworks */ = {isa = PBXBuildFile; fileRef = 8F873CAA56CDB4ACAD63417E /* libPods-RealmDemoUITests.a */; };
/* End PBXBuildFile section */

/* Begin PBXContainerItemProxy section */
		4A110DBB1F7155F90094D6A2 /* PBXContainerItemProxy */ = {
			isa = PBXContainerItemProxy;
			containerPortal = 4A110D991F7155F90094D6A2 /* Project object */;
			proxyType = 1;
			remoteGlobalIDString = 4A110DA01F7155F90094D6A2;
			remoteInfo = RealmDemo;
		};
		4A110DC61F7155F90094D6A2 /* PBXContainerItemProxy */ = {
			isa = PBXContainerItemProxy;
			containerPortal = 4A110D991F7155F90094D6A2 /* Project object */;
			proxyType = 1;
			remoteGlobalIDString = 4A110DA01F7155F90094D6A2;
			remoteInfo = RealmDemo;
		};
/* End PBXContainerItemProxy section */

/* Begin PBXFileReference section */
		2BEAA1253FE2E7CD06FFBAD7 /* libPods-RealmDemo.a */ = {isa = PBXFileReference; explicitFileType = archive.ar; includeInIndex = 0; path = "libPods-RealmDemo.a"; sourceTree = BUILT_PRODUCTS_DIR; };
		446ABB1C64726CF03D766342 /* Pods-RealmDemo.debug.xcconfig */ = {isa = PBXFileReference; includeInIndex = 1; lastKnownFileType = text.xcconfig; name = "Pods-RealmDemo.debug.xcconfig"; path = "Pods/Target Support Files/Pods-RealmDemo/Pods-RealmDemo.debug.xcconfig"; sourceTree = "<group>"; };
		4A110DA11F7155F90094D6A2 /* RealmDemo.app */ = {isa = PBXFileReference; explicitFileType = wrapper.application; includeInIndex = 0; path = RealmDemo.app; sourceTree = BUILT_PRODUCTS_DIR; };
		4A110DA51F7155F90094D6A2 /* main.m */ = {isa = PBXFileReference; lastKnownFileType = sourcecode.c.objc; path = main.m; sourceTree = "<group>"; };
		4A110DA71F7155F90094D6A2 /* AppDelegate.h */ = {isa = PBXFileReference; lastKnownFileType = sourcecode.c.h; path = AppDelegate.h; sourceTree = "<group>"; };
		4A110DA81F7155F90094D6A2 /* AppDelegate.m */ = {isa = PBXFileReference; lastKnownFileType = sourcecode.c.objc; path = AppDelegate.m; sourceTree = "<group>"; };
		4A110DAA1F7155F90094D6A2 /* ViewController.h */ = {isa = PBXFileReference; lastKnownFileType = sourcecode.c.h; path = ViewController.h; sourceTree = "<group>"; };
		4A110DAB1F7155F90094D6A2 /* ViewController.m */ = {isa = PBXFileReference; lastKnownFileType = sourcecode.c.objc; path = ViewController.m; sourceTree = "<group>"; };
		4A110DAE1F7155F90094D6A2 /* Base */ = {isa = PBXFileReference; lastKnownFileType = file.storyboard; name = Base; path = Base.lproj/Main.storyboard; sourceTree = "<group>"; };
		4A110DB01F7155F90094D6A2 /* Assets.xcassets */ = {isa = PBXFileReference; lastKnownFileType = folder.assetcatalog; path = Assets.xcassets; sourceTree = "<group>"; };
		4A110DB31F7155F90094D6A2 /* Base */ = {isa = PBXFileReference; lastKnownFileType = file.storyboard; name = Base; path = Base.lproj/LaunchScreen.storyboard; sourceTree = "<group>"; };
		4A110DB51F7155F90094D6A2 /* Info.plist */ = {isa = PBXFileReference; lastKnownFileType = text.plist.xml; path = Info.plist; sourceTree = "<group>"; };
		4A110DBA1F7155F90094D6A2 /* RealmDemoTests.xctest */ = {isa = PBXFileReference; explicitFileType = wrapper.cfbundle; includeInIndex = 0; path = RealmDemoTests.xctest; sourceTree = BUILT_PRODUCTS_DIR; };
		4A110DBE1F7155F90094D6A2 /* RealmDemoTests.m */ = {isa = PBXFileReference; lastKnownFileType = sourcecode.c.objc; path = RealmDemoTests.m; sourceTree = "<group>"; };
		4A110DC01F7155F90094D6A2 /* Info.plist */ = {isa = PBXFileReference; lastKnownFileType = text.plist.xml; path = Info.plist; sourceTree = "<group>"; };
		4A110DC51F7155F90094D6A2 /* RealmDemoUITests.xctest */ = {isa = PBXFileReference; explicitFileType = wrapper.cfbundle; includeInIndex = 0; path = RealmDemoUITests.xctest; sourceTree = BUILT_PRODUCTS_DIR; };
		4A110DC91F7155F90094D6A2 /* RealmDemoUITests.m */ = {isa = PBXFileReference; lastKnownFileType = sourcecode.c.objc; path = RealmDemoUITests.m; sourceTree = "<group>"; };
		4A110DCB1F7155F90094D6A2 /* Info.plist */ = {isa = PBXFileReference; lastKnownFileType = text.plist.xml; path = Info.plist; sourceTree = "<group>"; };
		4A110DD71F7156830094D6A2 /* RealmManager.h */ = {isa = PBXFileReference; fileEncoding = 4; lastKnownFileType = sourcecode.c.h; path = RealmManager.h; sourceTree = "<group>"; };
		4A110DD81F7156830094D6A2 /* RealmManager.m */ = {isa = PBXFileReference; fileEncoding = 4; lastKnownFileType = sourcecode.c.objc; path = RealmManager.m; sourceTree = "<group>"; };
		4A110DDA1F7157E90094D6A2 /* Dog.h */ = {isa = PBXFileReference; fileEncoding = 4; lastKnownFileType = sourcecode.c.h; path = Dog.h; sourceTree = "<group>"; };
		4A110DDB1F7157E90094D6A2 /* Dog.m */ = {isa = PBXFileReference; fileEncoding = 4; lastKnownFileType = sourcecode.c.objc; path = Dog.m; sourceTree = "<group>"; };
		4A110DDD1F71580D0094D6A2 /* PrefixHeader.pch */ = {isa = PBXFileReference; lastKnownFileType = sourcecode.c.h; path = PrefixHeader.pch; sourceTree = "<group>"; };
		4A110DDE1F7159340094D6A2 /* Person.h */ = {isa = PBXFileReference; fileEncoding = 4; lastKnownFileType = sourcecode.c.h; path = Person.h; sourceTree = "<group>"; };
		4A110DDF1F7159340094D6A2 /* Person.m */ = {isa = PBXFileReference; fileEncoding = 4; lastKnownFileType = sourcecode.c.objc; path = Person.m; sourceTree = "<group>"; };
		4A110DE41F7160AF0094D6A2 /* RLMObject+FTFRealm.h */ = {isa = PBXFileReference; fileEncoding = 4; lastKnownFileType = sourcecode.c.h; path = "RLMObject+FTFRealm.h"; sourceTree = "<group>"; };
		4A110DE51F7160AF0094D6A2 /* RLMObject+FTFRealm.m */ = {isa = PBXFileReference; fileEncoding = 4; lastKnownFileType = sourcecode.c.objc; path = "RLMObject+FTFRealm.m"; sourceTree = "<group>"; };
		4A110DE71F7164260094D6A2 /* NSArray+FTFHelper.h */ = {isa = PBXFileReference; fileEncoding = 4; lastKnownFileType = sourcecode.c.h; path = "NSArray+FTFHelper.h"; sourceTree = "<group>"; };
		4A110DE81F7164260094D6A2 /* NSArray+FTFHelper.m */ = {isa = PBXFileReference; fileEncoding = 4; lastKnownFileType = sourcecode.c.objc; path = "NSArray+FTFHelper.m"; sourceTree = "<group>"; };
		4D6B5AE6010E317F46E696C2 /* Pods-RealmDemo.release.xcconfig */ = {isa = PBXFileReference; includeInIndex = 1; lastKnownFileType = text.xcconfig; name = "Pods-RealmDemo.release.xcconfig"; path = "Pods/Target Support Files/Pods-RealmDemo/Pods-RealmDemo.release.xcconfig"; sourceTree = "<group>"; };
		634CE78D1648EBC1FBFC3063 /* Pods-RealmDemoTests.debug.xcconfig */ = {isa = PBXFileReference; includeInIndex = 1; lastKnownFileType = text.xcconfig; name = "Pods-RealmDemoTests.debug.xcconfig"; path = "Pods/Target Support Files/Pods-RealmDemoTests/Pods-RealmDemoTests.debug.xcconfig"; sourceTree = "<group>"; };
		78DC99DE755657FB2B0EC752 /* Pods-RealmDemoTests.release.xcconfig */ = {isa = PBXFileReference; includeInIndex = 1; lastKnownFileType = text.xcconfig; name = "Pods-RealmDemoTests.release.xcconfig"; path = "Pods/Target Support Files/Pods-RealmDemoTests/Pods-RealmDemoTests.release.xcconfig"; sourceTree = "<group>"; };
		8F63C7E058DD6965EF5777C7 /* Pods-RealmDemoUITests.debug.xcconfig */ = {isa = PBXFileReference; includeInIndex = 1; lastKnownFileType = text.xcconfig; name = "Pods-RealmDemoUITests.debug.xcconfig"; path = "Pods/Target Support Files/Pods-RealmDemoUITests/Pods-RealmDemoUITests.debug.xcconfig"; sourceTree = "<group>"; };
		8F873CAA56CDB4ACAD63417E /* libPods-RealmDemoUITests.a */ = {isa = PBXFileReference; explicitFileType = archive.ar; includeInIndex = 0; path = "libPods-RealmDemoUITests.a"; sourceTree = BUILT_PRODUCTS_DIR; };
		A72BF5204A7FEB40A8FA62DD /* libPods-RealmDemoTests.a */ = {isa = PBXFileReference; explicitFileType = archive.ar; includeInIndex = 0; path = "libPods-RealmDemoTests.a"; sourceTree = BUILT_PRODUCTS_DIR; };
		B7D44A6363ABA4A2E4E980A3 /* Pods-RealmDemoUITests.release.xcconfig */ = {isa = PBXFileReference; includeInIndex = 1; lastKnownFileType = text.xcconfig; name = "Pods-RealmDemoUITests.release.xcconfig"; path = "Pods/Target Support Files/Pods-RealmDemoUITests/Pods-RealmDemoUITests.release.xcconfig"; sourceTree = "<group>"; };
/* End PBXFileReference section */

/* Begin PBXFrameworksBuildPhase section */
		4A110D9E1F7155F90094D6A2 /* Frameworks */ = {
			isa = PBXFrameworksBuildPhase;
			buildActionMask = 2147483647;
			files = (
				12919D32EEEA270DE2BCBF90 /* libPods-RealmDemo.a in Frameworks */,
			);
			runOnlyForDeploymentPostprocessing = 0;
		};
		4A110DB71F7155F90094D6A2 /* Frameworks */ = {
			isa = PBXFrameworksBuildPhase;
			buildActionMask = 2147483647;
			files = (
				294CC6001033CA7C6CD06D9E /* libPods-RealmDemoTests.a in Frameworks */,
			);
			runOnlyForDeploymentPostprocessing = 0;
		};
		4A110DC21F7155F90094D6A2 /* Frameworks */ = {
			isa = PBXFrameworksBuildPhase;
			buildActionMask = 2147483647;
			files = (
				FF3EE47E655D2B4E947872E1 /* libPods-RealmDemoUITests.a in Frameworks */,
			);
			runOnlyForDeploymentPostprocessing = 0;
		};
/* End PBXFrameworksBuildPhase section */

/* Begin PBXGroup section */
		4A110D981F7155F90094D6A2 = {
			isa = PBXGroup;
			children = (
				4A110DA31F7155F90094D6A2 /* RealmDemo */,
				4A110DBD1F7155F90094D6A2 /* RealmDemoTests */,
				4A110DC81F7155F90094D6A2 /* RealmDemoUITests */,
				4A110DA21F7155F90094D6A2 /* Products */,
				A51288529A74A21E6CA2AA67 /* Pods */,
				A0E671E89BB8CFBC10C5DC19 /* Frameworks */,
			);
			sourceTree = "<group>";
		};
		4A110DA21F7155F90094D6A2 /* Products */ = {
			isa = PBXGroup;
			children = (
				4A110DA11F7155F90094D6A2 /* RealmDemo.app */,
				4A110DBA1F7155F90094D6A2 /* RealmDemoTests.xctest */,
				4A110DC51F7155F90094D6A2 /* RealmDemoUITests.xctest */,
			);
			name = Products;
			sourceTree = "<group>";
		};
		4A110DA31F7155F90094D6A2 /* RealmDemo */ = {
			isa = PBXGroup;
			children = (
				4A110DA71F7155F90094D6A2 /* AppDelegate.h */,
				4A110DA81F7155F90094D6A2 /* AppDelegate.m */,
				4A110DAA1F7155F90094D6A2 /* ViewController.h */,
				4A110DAB1F7155F90094D6A2 /* ViewController.m */,
				4A110DAD1F7155F90094D6A2 /* Main.storyboard */,
				4A110DB01F7155F90094D6A2 /* Assets.xcassets */,
				4A110DB21F7155F90094D6A2 /* LaunchScreen.storyboard */,
				4A110DB51F7155F90094D6A2 /* Info.plist */,
				4A110DA41F7155F90094D6A2 /* Supporting Files */,
				4A110DD71F7156830094D6A2 /* RealmManager.h */,
				4A110DD81F7156830094D6A2 /* RealmManager.m */,
				4A110DDA1F7157E90094D6A2 /* Dog.h */,
				4A110DDB1F7157E90094D6A2 /* Dog.m */,
				4A110DDD1F71580D0094D6A2 /* PrefixHeader.pch */,
				4A110DDE1F7159340094D6A2 /* Person.h */,
				4A110DDF1F7159340094D6A2 /* Person.m */,
				4A110DE41F7160AF0094D6A2 /* RLMObject+FTFRealm.h */,
				4A110DE51F7160AF0094D6A2 /* RLMObject+FTFRealm.m */,
				4A110DE71F7164260094D6A2 /* NSArray+FTFHelper.h */,
				4A110DE81F7164260094D6A2 /* NSArray+FTFHelper.m */,
			);
			path = RealmDemo;
			sourceTree = "<group>";
		};
		4A110DA41F7155F90094D6A2 /* Supporting Files */ = {
			isa = PBXGroup;
			children = (
				4A110DA51F7155F90094D6A2 /* main.m */,
			);
			name = "Supporting Files";
			sourceTree = "<group>";
		};
		4A110DBD1F7155F90094D6A2 /* RealmDemoTests */ = {
			isa = PBXGroup;
			children = (
				4A110DBE1F7155F90094D6A2 /* RealmDemoTests.m */,
				4A110DC01F7155F90094D6A2 /* Info.plist */,
			);
			path = RealmDemoTests;
			sourceTree = "<group>";
		};
		4A110DC81F7155F90094D6A2 /* RealmDemoUITests */ = {
			isa = PBXGroup;
			children = (
				4A110DC91F7155F90094D6A2 /* RealmDemoUITests.m */,
				4A110DCB1F7155F90094D6A2 /* Info.plist */,
			);
			path = RealmDemoUITests;
			sourceTree = "<group>";
		};
		A0E671E89BB8CFBC10C5DC19 /* Frameworks */ = {
			isa = PBXGroup;
			children = (
				2BEAA1253FE2E7CD06FFBAD7 /* libPods-RealmDemo.a */,
				A72BF5204A7FEB40A8FA62DD /* libPods-RealmDemoTests.a */,
				8F873CAA56CDB4ACAD63417E /* libPods-RealmDemoUITests.a */,
			);
			name = Frameworks;
			sourceTree = "<group>";
		};
		A51288529A74A21E6CA2AA67 /* Pods */ = {
			isa = PBXGroup;
			children = (
				446ABB1C64726CF03D766342 /* Pods-RealmDemo.debug.xcconfig */,
				4D6B5AE6010E317F46E696C2 /* Pods-RealmDemo.release.xcconfig */,
				634CE78D1648EBC1FBFC3063 /* Pods-RealmDemoTests.debug.xcconfig */,
				78DC99DE755657FB2B0EC752 /* Pods-RealmDemoTests.release.xcconfig */,
				8F63C7E058DD6965EF5777C7 /* Pods-RealmDemoUITests.debug.xcconfig */,
				B7D44A6363ABA4A2E4E980A3 /* Pods-RealmDemoUITests.release.xcconfig */,
			);
			name = Pods;
			sourceTree = "<group>";
		};
/* End PBXGroup section */

/* Begin PBXNativeTarget section */
		4A110DA01F7155F90094D6A2 /* RealmDemo */ = {
			isa = PBXNativeTarget;
			buildConfigurationList = 4A110DCE1F7155F90094D6A2 /* Build configuration list for PBXNativeTarget "RealmDemo" */;
			buildPhases = (
				40533F1174C2F79C5F5746EB /* [CP] Check Pods Manifest.lock */,
				4A110D9D1F7155F90094D6A2 /* Sources */,
				4A110D9E1F7155F90094D6A2 /* Frameworks */,
				4A110D9F1F7155F90094D6A2 /* Resources */,
				BFE6A636FAA1289DCBA2BB9D /* [CP] Embed Pods Frameworks */,
				BA230726CD00B5A6CBD8DEB4 /* [CP] Copy Pods Resources */,
			);
			buildRules = (
			);
			dependencies = (
			);
			name = RealmDemo;
			productName = RealmDemo;
			productReference = 4A110DA11F7155F90094D6A2 /* RealmDemo.app */;
			productType = "com.apple.product-type.application";
		};
		4A110DB91F7155F90094D6A2 /* RealmDemoTests */ = {
			isa = PBXNativeTarget;
			buildConfigurationList = 4A110DD11F7155F90094D6A2 /* Build configuration list for PBXNativeTarget "RealmDemoTests" */;
			buildPhases = (
				442CC5E7C470805CA3AFAA98 /* [CP] Check Pods Manifest.lock */,
				4A110DB61F7155F90094D6A2 /* Sources */,
				4A110DB71F7155F90094D6A2 /* Frameworks */,
				4A110DB81F7155F90094D6A2 /* Resources */,
				267CDDA0DC892049BFE172EB /* [CP] Embed Pods Frameworks */,
				15745752830D55EEF3180350 /* [CP] Copy Pods Resources */,
			);
			buildRules = (
			);
			dependencies = (
				4A110DBC1F7155F90094D6A2 /* PBXTargetDependency */,
			);
			name = RealmDemoTests;
			productName = RealmDemoTests;
			productReference = 4A110DBA1F7155F90094D6A2 /* RealmDemoTests.xctest */;
			productType = "com.apple.product-type.bundle.unit-test";
		};
		4A110DC41F7155F90094D6A2 /* RealmDemoUITests */ = {
			isa = PBXNativeTarget;
			buildConfigurationList = 4A110DD41F7155F90094D6A2 /* Build configuration list for PBXNativeTarget "RealmDemoUITests" */;
			buildPhases = (
				925A34885AEB2CC7CEA213E4 /* [CP] Check Pods Manifest.lock */,
				4A110DC11F7155F90094D6A2 /* Sources */,
				4A110DC21F7155F90094D6A2 /* Frameworks */,
				4A110DC31F7155F90094D6A2 /* Resources */,
				9BA183A6216784617D1D369C /* [CP] Embed Pods Frameworks */,
				266DB99841D55D63DEC24121 /* [CP] Copy Pods Resources */,
			);
			buildRules = (
			);
			dependencies = (
				4A110DC71F7155F90094D6A2 /* PBXTargetDependency */,
			);
			name = RealmDemoUITests;
			productName = RealmDemoUITests;
			productReference = 4A110DC51F7155F90094D6A2 /* RealmDemoUITests.xctest */;
			productType = "com.apple.product-type.bundle.ui-testing";
		};
/* End PBXNativeTarget section */

/* Begin PBXProject section */
		4A110D991F7155F90094D6A2 /* Project object */ = {
			isa = PBXProject;
			attributes = {
				LastUpgradeCheck = 0830;
				ORGANIZATIONNAME = Just;
				TargetAttributes = {
					4A110DA01F7155F90094D6A2 = {
						CreatedOnToolsVersion = 8.3.3;
						ProvisioningStyle = Automatic;
					};
					4A110DB91F7155F90094D6A2 = {
						CreatedOnToolsVersion = 8.3.3;
						ProvisioningStyle = Automatic;
						TestTargetID = 4A110DA01F7155F90094D6A2;
					};
					4A110DC41F7155F90094D6A2 = {
						CreatedOnToolsVersion = 8.3.3;
						ProvisioningStyle = Automatic;
						TestTargetID = 4A110DA01F7155F90094D6A2;
					};
				};
			};
			buildConfigurationList = 4A110D9C1F7155F90094D6A2 /* Build configuration list for PBXProject "RealmDemo" */;
			compatibilityVersion = "Xcode 3.2";
			developmentRegion = English;
			hasScannedForEncodings = 0;
			knownRegions = (
				en,
				Base,
			);
			mainGroup = 4A110D981F7155F90094D6A2;
			productRefGroup = 4A110DA21F7155F90094D6A2 /* Products */;
			projectDirPath = "";
			projectRoot = "";
			targets = (
				4A110DA01F7155F90094D6A2 /* RealmDemo */,
				4A110DB91F7155F90094D6A2 /* RealmDemoTests */,
				4A110DC41F7155F90094D6A2 /* RealmDemoUITests */,
			);
		};
/* End PBXProject section */

/* Begin PBXResourcesBuildPhase section */
		4A110D9F1F7155F90094D6A2 /* Resources */ = {
			isa = PBXResourcesBuildPhase;
			buildActionMask = 2147483647;
			files = (
				4A110DB41F7155F90094D6A2 /* LaunchScreen.storyboard in Resources */,
				4A110DB11F7155F90094D6A2 /* Assets.xcassets in Resources */,
				4A110DAF1F7155F90094D6A2 /* Main.storyboard in Resources */,
			);
			runOnlyForDeploymentPostprocessing = 0;
		};
		4A110DB81F7155F90094D6A2 /* Resources */ = {
			isa = PBXResourcesBuildPhase;
			buildActionMask = 2147483647;
			files = (
			);
			runOnlyForDeploymentPostprocessing = 0;
		};
		4A110DC31F7155F90094D6A2 /* Resources */ = {
			isa = PBXResourcesBuildPhase;
			buildActionMask = 2147483647;
			files = (
			);
			runOnlyForDeploymentPostprocessing = 0;
		};
/* End PBXResourcesBuildPhase section */

/* Begin PBXShellScriptBuildPhase section */
		15745752830D55EEF3180350 /* [CP] Copy Pods Resources */ = {
			isa = PBXShellScriptBuildPhase;
			buildActionMask = 2147483647;
			files = (
			);
			inputPaths = (
			);
			name = "[CP] Copy Pods Resources";
			outputPaths = (
			);
			runOnlyForDeploymentPostprocessing = 0;
			shellPath = /bin/sh;
			shellScript = "\"${SRCROOT}/Pods/Target Support Files/Pods-RealmDemoTests/Pods-RealmDemoTests-resources.sh\"\n";
			showEnvVarsInLog = 0;
		};
		266DB99841D55D63DEC24121 /* [CP] Copy Pods Resources */ = {
			isa = PBXShellScriptBuildPhase;
			buildActionMask = 2147483647;
			files = (
			);
			inputPaths = (
			);
			name = "[CP] Copy Pods Resources";
			outputPaths = (
			);
			runOnlyForDeploymentPostprocessing = 0;
			shellPath = /bin/sh;
			shellScript = "\"${SRCROOT}/Pods/Target Support Files/Pods-RealmDemoUITests/Pods-RealmDemoUITests-resources.sh\"\n";
			showEnvVarsInLog = 0;
		};
		267CDDA0DC892049BFE172EB /* [CP] Embed Pods Frameworks */ = {
			isa = PBXShellScriptBuildPhase;
			buildActionMask = 2147483647;
			files = (
			);
			inputPaths = (
			);
			name = "[CP] Embed Pods Frameworks";
			outputPaths = (
			);
			runOnlyForDeploymentPostprocessing = 0;
			shellPath = /bin/sh;
			shellScript = "\"${SRCROOT}/Pods/Target Support Files/Pods-RealmDemoTests/Pods-RealmDemoTests-frameworks.sh\"\n";
			showEnvVarsInLog = 0;
		};
		40533F1174C2F79C5F5746EB /* [CP] Check Pods Manifest.lock */ = {
			isa = PBXShellScriptBuildPhase;
			buildActionMask = 2147483647;
			files = (
			);
			inputPaths = (
			);
			name = "[CP] Check Pods Manifest.lock";
			outputPaths = (
			);
			runOnlyForDeploymentPostprocessing = 0;
			shellPath = /bin/sh;
			shellScript = "diff \"${PODS_PODFILE_DIR_PATH}/Podfile.lock\" \"${PODS_ROOT}/Manifest.lock\" > /dev/null\nif [ $? != 0 ] ; then\n    # print error to STDERR\n    echo \"error: The sandbox is not in sync with the Podfile.lock. Run 'pod install' or update your CocoaPods installation.\" >&2\n    exit 1\nfi\n";
			showEnvVarsInLog = 0;
		};
		442CC5E7C470805CA3AFAA98 /* [CP] Check Pods Manifest.lock */ = {
			isa = PBXShellScriptBuildPhase;
			buildActionMask = 2147483647;
			files = (
			);
			inputPaths = (
			);
			name = "[CP] Check Pods Manifest.lock";
			outputPaths = (
			);
			runOnlyForDeploymentPostprocessing = 0;
			shellPath = /bin/sh;
			shellScript = "diff \"${PODS_PODFILE_DIR_PATH}/Podfile.lock\" \"${PODS_ROOT}/Manifest.lock\" > /dev/null\nif [ $? != 0 ] ; then\n    # print error to STDERR\n    echo \"error: The sandbox is not in sync with the Podfile.lock. Run 'pod install' or update your CocoaPods installation.\" >&2\n    exit 1\nfi\n";
			showEnvVarsInLog = 0;
		};
		925A34885AEB2CC7CEA213E4 /* [CP] Check Pods Manifest.lock */ = {
			isa = PBXShellScriptBuildPhase;
			buildActionMask = 2147483647;
			files = (
			);
			inputPaths = (
			);
			name = "[CP] Check Pods Manifest.lock";
			outputPaths = (
			);
			runOnlyForDeploymentPostprocessing = 0;
			shellPath = /bin/sh;
			shellScript = "diff \"${PODS_PODFILE_DIR_PATH}/Podfile.lock\" \"${PODS_ROOT}/Manifest.lock\" > /dev/null\nif [ $? != 0 ] ; then\n    # print error to STDERR\n    echo \"error: The sandbox is not in sync with the Podfile.lock. Run 'pod install' or update your CocoaPods installation.\" >&2\n    exit 1\nfi\n";
			showEnvVarsInLog = 0;
		};
		9BA183A6216784617D1D369C /* [CP] Embed Pods Frameworks */ = {
			isa = PBXShellScriptBuildPhase;
			buildActionMask = 2147483647;
			files = (
			);
			inputPaths = (
			);
			name = "[CP] Embed Pods Frameworks";
			outputPaths = (
			);
			runOnlyForDeploymentPostprocessing = 0;
			shellPath = /bin/sh;
			shellScript = "\"${SRCROOT}/Pods/Target Support Files/Pods-RealmDemoUITests/Pods-RealmDemoUITests-frameworks.sh\"\n";
			showEnvVarsInLog = 0;
		};
		BA230726CD00B5A6CBD8DEB4 /* [CP] Copy Pods Resources */ = {
			isa = PBXShellScriptBuildPhase;
			buildActionMask = 2147483647;
			files = (
			);
			inputPaths = (
			);
			name = "[CP] Copy Pods Resources";
			outputPaths = (
			);
			runOnlyForDeploymentPostprocessing = 0;
			shellPath = /bin/sh;
			shellScript = "\"${SRCROOT}/Pods/Target Support Files/Pods-RealmDemo/Pods-RealmDemo-resources.sh\"\n";
			showEnvVarsInLog = 0;
		};
		BFE6A636FAA1289DCBA2BB9D /* [CP] Embed Pods Frameworks */ = {
			isa = PBXShellScriptBuildPhase;
			buildActionMask = 2147483647;
			files = (
			);
			inputPaths = (
			);
			name = "[CP] Embed Pods Frameworks";
			outputPaths = (
			);
			runOnlyForDeploymentPostprocessing = 0;
			shellPath = /bin/sh;
			shellScript = "\"${SRCROOT}/Pods/Target Support Files/Pods-RealmDemo/Pods-RealmDemo-frameworks.sh\"\n";
			showEnvVarsInLog = 0;
		};
/* End PBXShellScriptBuildPhase section */

/* Begin PBXSourcesBuildPhase section */
		4A110D9D1F7155F90094D6A2 /* Sources */ = {
			isa = PBXSourcesBuildPhase;
			buildActionMask = 2147483647;
			files = (
				4A110DE01F7159340094D6A2 /* Person.m in Sources */,
				4A110DE91F7164260094D6A2 /* NSArray+FTFHelper.m in Sources */,
				4A110DAC1F7155F90094D6A2 /* ViewController.m in Sources */,
				4A110DD91F7156830094D6A2 /* RealmManager.m in Sources */,
				4A110DDC1F7157E90094D6A2 /* Dog.m in Sources */,
				4A110DA91F7155F90094D6A2 /* AppDelegate.m in Sources */,
				4A110DA61F7155F90094D6A2 /* main.m in Sources */,
				4A110DE61F7160AF0094D6A2 /* RLMObject+FTFRealm.m in Sources */,
			);
			runOnlyForDeploymentPostprocessing = 0;
		};
		4A110DB61F7155F90094D6A2 /* Sources */ = {
			isa = PBXSourcesBuildPhase;
			buildActionMask = 2147483647;
			files = (
				4A110DBF1F7155F90094D6A2 /* RealmDemoTests.m in Sources */,
			);
			runOnlyForDeploymentPostprocessing = 0;
		};
		4A110DC11F7155F90094D6A2 /* Sources */ = {
			isa = PBXSourcesBuildPhase;
			buildActionMask = 2147483647;
			files = (
				4A110DCA1F7155F90094D6A2 /* RealmDemoUITests.m in Sources */,
			);
			runOnlyForDeploymentPostprocessing = 0;
		};
/* End PBXSourcesBuildPhase section */

/* Begin PBXTargetDependency section */
		4A110DBC1F7155F90094D6A2 /* PBXTargetDependency */ = {
			isa = PBXTargetDependency;
			target = 4A110DA01F7155F90094D6A2 /* RealmDemo */;
			targetProxy = 4A110DBB1F7155F90094D6A2 /* PBXContainerItemProxy */;
		};
		4A110DC71F7155F90094D6A2 /* PBXTargetDependency */ = {
			isa = PBXTargetDependency;
			target = 4A110DA01F7155F90094D6A2 /* RealmDemo */;
			targetProxy = 4A110DC61F7155F90094D6A2 /* PBXContainerItemProxy */;
		};
/* End PBXTargetDependency section */

/* Begin PBXVariantGroup section */
		4A110DAD1F7155F90094D6A2 /* Main.storyboard */ = {
			isa = PBXVariantGroup;
			children = (
				4A110DAE1F7155F90094D6A2 /* Base */,
			);
			name = Main.storyboard;
			sourceTree = "<group>";
		};
		4A110DB21F7155F90094D6A2 /* LaunchScreen.storyboard */ = {
			isa = PBXVariantGroup;
			children = (
				4A110DB31F7155F90094D6A2 /* Base */,
			);
			name = LaunchScreen.storyboard;
			sourceTree = "<group>";
		};
/* End PBXVariantGroup section */

/* Begin XCBuildConfiguration section */
		4A110DCC1F7155F90094D6A2 /* Debug */ = {
			isa = XCBuildConfiguration;
			buildSettings = {
				ALWAYS_SEARCH_USER_PATHS = NO;
				CLANG_ANALYZER_NONNULL = YES;
				CLANG_ANALYZER_NUMBER_OBJECT_CONVERSION = YES_AGGRESSIVE;
				CLANG_CXX_LANGUAGE_STANDARD = "gnu++0x";
				CLANG_CXX_LIBRARY = "libc++";
				CLANG_ENABLE_MODULES = YES;
				CLANG_ENABLE_OBJC_ARC = YES;
				CLANG_WARN_BOOL_CONVERSION = YES;
				CLANG_WARN_CONSTANT_CONVERSION = YES;
				CLANG_WARN_DIRECT_OBJC_ISA_USAGE = YES_ERROR;
				CLANG_WARN_DOCUMENTATION_COMMENTS = YES;
				CLANG_WARN_EMPTY_BODY = YES;
				CLANG_WARN_ENUM_CONVERSION = YES;
				CLANG_WARN_INFINITE_RECURSION = YES;
				CLANG_WARN_INT_CONVERSION = YES;
				CLANG_WARN_OBJC_ROOT_CLASS = YES_ERROR;
				CLANG_WARN_SUSPICIOUS_MOVE = YES;
				CLANG_WARN_UNREACHABLE_CODE = YES;
				CLANG_WARN__DUPLICATE_METHOD_MATCH = YES;
				"CODE_SIGN_IDENTITY[sdk=iphoneos*]" = "iPhone Developer";
				COPY_PHASE_STRIP = NO;
				DEBUG_INFORMATION_FORMAT = dwarf;
				ENABLE_STRICT_OBJC_MSGSEND = YES;
				ENABLE_TESTABILITY = YES;
				GCC_C_LANGUAGE_STANDARD = gnu99;
				GCC_DYNAMIC_NO_PIC = NO;
				GCC_NO_COMMON_BLOCKS = YES;
				GCC_OPTIMIZATION_LEVEL = 0;
				GCC_PREPROCESSOR_DEFINITIONS = (
					"DEBUG=1",
					"$(inherited)",
				);
				GCC_WARN_64_TO_32_BIT_CONVERSION = YES;
				GCC_WARN_ABOUT_RETURN_TYPE = YES_ERROR;
				GCC_WARN_UNDECLARED_SELECTOR = YES;
				GCC_WARN_UNINITIALIZED_AUTOS = YES_AGGRESSIVE;
				GCC_WARN_UNUSED_FUNCTION = YES;
				GCC_WARN_UNUSED_VARIABLE = YES;
				IPHONEOS_DEPLOYMENT_TARGET = 10.3;
				MTL_ENABLE_DEBUG_INFO = YES;
				ONLY_ACTIVE_ARCH = YES;
				SDKROOT = iphoneos;
			};
			name = Debug;
		};
		4A110DCD1F7155F90094D6A2 /* Release */ = {
			isa = XCBuildConfiguration;
			buildSettings = {
				ALWAYS_SEARCH_USER_PATHS = NO;
				CLANG_ANALYZER_NONNULL = YES;
				CLANG_ANALYZER_NUMBER_OBJECT_CONVERSION = YES_AGGRESSIVE;
				CLANG_CXX_LANGUAGE_STANDARD = "gnu++0x";
				CLANG_CXX_LIBRARY = "libc++";
				CLANG_ENABLE_MODULES = YES;
				CLANG_ENABLE_OBJC_ARC = YES;
				CLANG_WARN_BOOL_CONVERSION = YES;
				CLANG_WARN_CONSTANT_CONVERSION = YES;
				CLANG_WARN_DIRECT_OBJC_ISA_USAGE = YES_ERROR;
				CLANG_WARN_DOCUMENTATION_COMMENTS = YES;
				CLANG_WARN_EMPTY_BODY = YES;
				CLANG_WARN_ENUM_CONVERSION = YES;
				CLANG_WARN_INFINITE_RECURSION = YES;
				CLANG_WARN_INT_CONVERSION = YES;
				CLANG_WARN_OBJC_ROOT_CLASS = YES_ERROR;
				CLANG_WARN_SUSPICIOUS_MOVE = YES;
				CLANG_WARN_UNREACHABLE_CODE = YES;
				CLANG_WARN__DUPLICATE_METHOD_MATCH = YES;
				"CODE_SIGN_IDENTITY[sdk=iphoneos*]" = "iPhone Developer";
				COPY_PHASE_STRIP = NO;
				DEBUG_INFORMATION_FORMAT = "dwarf-with-dsym";
				ENABLE_NS_ASSERTIONS = NO;
				ENABLE_STRICT_OBJC_MSGSEND = YES;
				GCC_C_LANGUAGE_STANDARD = gnu99;
				GCC_NO_COMMON_BLOCKS = YES;
				GCC_WARN_64_TO_32_BIT_CONVERSION = YES;
				GCC_WARN_ABOUT_RETURN_TYPE = YES_ERROR;
				GCC_WARN_UNDECLARED_SELECTOR = YES;
				GCC_WARN_UNINITIALIZED_AUTOS = YES_AGGRESSIVE;
				GCC_WARN_UNUSED_FUNCTION = YES;
				GCC_WARN_UNUSED_VARIABLE = YES;
				IPHONEOS_DEPLOYMENT_TARGET = 10.3;
				MTL_ENABLE_DEBUG_INFO = NO;
				SDKROOT = iphoneos;
				VALIDATE_PRODUCT = YES;
			};
			name = Release;
		};
		4A110DCF1F7155F90094D6A2 /* Debug */ = {
			isa = XCBuildConfiguration;
			baseConfigurationReference = 446ABB1C64726CF03D766342 /* Pods-RealmDemo.debug.xcconfig */;
			buildSettings = {
				ASSETCATALOG_COMPILER_APPICON_NAME = AppIcon;
				GCC_PREFIX_HEADER = /Users/just/Documents/ShowMeCode/RealmDemo/RealmDemo/PrefixHeader.pch;
				INFOPLIST_FILE = RealmDemo/Info.plist;
				LD_RUNPATH_SEARCH_PATHS = "$(inherited) @executable_path/Frameworks";
				PRODUCT_BUNDLE_IDENTIFIER = Just.RealmDemo;
				PRODUCT_NAME = "$(TARGET_NAME)";
			};
			name = Debug;
		};
		4A110DD01F7155F90094D6A2 /* Release */ = {
			isa = XCBuildConfiguration;
			baseConfigurationReference = 4D6B5AE6010E317F46E696C2 /* Pods-RealmDemo.release.xcconfig */;
			buildSettings = {
				ASSETCATALOG_COMPILER_APPICON_NAME = AppIcon;
				GCC_PREFIX_HEADER = /Users/just/Documents/ShowMeCode/RealmDemo/RealmDemo/PrefixHeader.pch;
				INFOPLIST_FILE = RealmDemo/Info.plist;
				LD_RUNPATH_SEARCH_PATHS = "$(inherited) @executable_path/Frameworks";
				PRODUCT_BUNDLE_IDENTIFIER = Just.RealmDemo;
				PRODUCT_NAME = "$(TARGET_NAME)";
			};
			name = Release;
		};
		4A110DD21F7155F90094D6A2 /* Debug */ = {
			isa = XCBuildConfiguration;
			baseConfigurationReference = 634CE78D1648EBC1FBFC3063 /* Pods-RealmDemoTests.debug.xcconfig */;
			buildSettings = {
				BUNDLE_LOADER = "$(TEST_HOST)";
				INFOPLIST_FILE = RealmDemoTests/Info.plist;
				LD_RUNPATH_SEARCH_PATHS = "$(inherited) @executable_path/Frameworks @loader_path/Frameworks";
				PRODUCT_BUNDLE_IDENTIFIER = Just.RealmDemoTests;
				PRODUCT_NAME = "$(TARGET_NAME)";
				TEST_HOST = "$(BUILT_PRODUCTS_DIR)/RealmDemo.app/RealmDemo";
			};
			name = Debug;
		};
		4A110DD31F7155F90094D6A2 /* Release */ = {
			isa = XCBuildConfiguration;
			baseConfigurationReference = 78DC99DE755657FB2B0EC752 /* Pods-RealmDemoTests.release.xcconfig */;
			buildSettings = {
				BUNDLE_LOADER = "$(TEST_HOST)";
				INFOPLIST_FILE = RealmDemoTests/Info.plist;
				LD_RUNPATH_SEARCH_PATHS = "$(inherited) @executable_path/Frameworks @loader_path/Frameworks";
				PRODUCT_BUNDLE_IDENTIFIER = Just.RealmDemoTests;
				PRODUCT_NAME = "$(TARGET_NAME)";
				TEST_HOST = "$(BUILT_PRODUCTS_DIR)/RealmDemo.app/RealmDemo";
			};
			name = Release;
		};
		4A110DD51F7155F90094D6A2 /* Debug */ = {
			isa = XCBuildConfiguration;
			baseConfigurationReference = 8F63C7E058DD6965EF5777C7 /* Pods-RealmDemoUITests.debug.xcconfig */;
			buildSettings = {
				INFOPLIST_FILE = RealmDemoUITests/Info.plist;
				LD_RUNPATH_SEARCH_PATHS = "$(inherited) @executable_path/Frameworks @loader_path/Frameworks";
				PRODUCT_BUNDLE_IDENTIFIER = Just.RealmDemoUITests;
				PRODUCT_NAME = "$(TARGET_NAME)";
				TEST_TARGET_NAME = RealmDemo;
			};
			name = Debug;
		};
		4A110DD61F7155F90094D6A2 /* Release */ = {
			isa = XCBuildConfiguration;
			baseConfigurationReference = B7D44A6363ABA4A2E4E980A3 /* Pods-RealmDemoUITests.release.xcconfig */;
			buildSettings = {
				INFOPLIST_FILE = RealmDemoUITests/Info.plist;
				LD_RUNPATH_SEARCH_PATHS = "$(inherited) @executable_path/Frameworks @loader_path/Frameworks";
				PRODUCT_BUNDLE_IDENTIFIER = Just.RealmDemoUITests;
				PRODUCT_NAME = "$(TARGET_NAME)";
				TEST_TARGET_NAME = RealmDemo;
			};
			name = Release;
		};
/* End XCBuildConfiguration section */

/* Begin XCConfigurationList section */
		4A110D9C1F7155F90094D6A2 /* Build configuration list for PBXProject "RealmDemo" */ = {
			isa = XCConfigurationList;
			buildConfigurations = (
				4A110DCC1F7155F90094D6A2 /* Debug */,
				4A110DCD1F7155F90094D6A2 /* Release */,
			);
			defaultConfigurationIsVisible = 0;
			defaultConfigurationName = Release;
		};
		4A110DCE1F7155F90094D6A2 /* Build configuration list for PBXNativeTarget "RealmDemo" */ = {
			isa = XCConfigurationList;
			buildConfigurations = (
				4A110DCF1F7155F90094D6A2 /* Debug */,
				4A110DD01F7155F90094D6A2 /* Release */,
			);
			defaultConfigurationIsVisible = 0;
			defaultConfigurationName = Release;
		};
		4A110DD11F7155F90094D6A2 /* Build configuration list for PBXNativeTarget "RealmDemoTests" */ = {
			isa = XCConfigurationList;
			buildConfigurations = (
				4A110DD21F7155F90094D6A2 /* Debug */,
				4A110DD31F7155F90094D6A2 /* Release */,
			);
			defaultConfigurationIsVisible = 0;
			defaultConfigurationName = Release;
		};
		4A110DD41F7155F90094D6A2 /* Build configuration list for PBXNativeTarget "RealmDemoUITests" */ = {
			isa = XCConfigurationList;
			buildConfigurations = (
				4A110DD51F7155F90094D6A2 /* Debug */,
				4A110DD61F7155F90094D6A2 /* Release */,
			);
			defaultConfigurationIsVisible = 0;
			defaultConfigurationName = Release;
		};
/* End XCConfigurationList section */
	};
	rootObject = 4A110D991F7155F90094D6A2 /* Project object */;
}
